// !$*UTF8*$!
{
	archiveVersion = 1;
	classes = {
	};
	objectVersion = 46;
	objects = {

/* Begin PBXBuildFile section */
		3DA08F561D8FA6090013724E /* AppDelegate.swift in Sources */ = {isa = PBXBuildFile; fileRef = 3DA08F551D8FA6090013724E /* AppDelegate.swift */; };
		3DA08F581D8FA6090013724E /* ViewController.swift in Sources */ = {isa = PBXBuildFile; fileRef = 3DA08F571D8FA6090013724E /* ViewController.swift */; };
		3DA08F5B1D8FA6090013724E /* Main.storyboard in Resources */ = {isa = PBXBuildFile; fileRef = 3DA08F591D8FA6090013724E /* Main.storyboard */; };
		3DA08F5D1D8FA6090013724E /* Assets.xcassets in Resources */ = {isa = PBXBuildFile; fileRef = 3DA08F5C1D8FA6090013724E /* Assets.xcassets */; };
		3DA08F601D8FA6090013724E /* LaunchScreen.storyboard in Resources */ = {isa = PBXBuildFile; fileRef = 3DA08F5E1D8FA6090013724E /* LaunchScreen.storyboard */; };
		3DA08F6B1D8FA6090013724E /* CarolineTestAppTests.swift in Sources */ = {isa = PBXBuildFile; fileRef = 3DA08F6A1D8FA6090013724E /* CarolineTestAppTests.swift */; };
		3DA08F761D8FA9080013724E /* coding.jpg in Resources */ = {isa = PBXBuildFile; fileRef = 3DA08F751D8FA9080013724E /* coding.jpg */; };
/* End PBXBuildFile section */

/* Begin PBXContainerItemProxy section */
		3DA08F671D8FA6090013724E /* PBXContainerItemProxy */ = {
			isa = PBXContainerItemProxy;
			containerPortal = 3DA08F4A1D8FA6090013724E /* Project object */;
			proxyType = 1;
			remoteGlobalIDString = 3DA08F511D8FA6090013724E;
			remoteInfo = CarolineTestApp;
		};
/* End PBXContainerItemProxy section */

/* Begin PBXFileReference section */
		3DA08F521D8FA6090013724E /* CarolineTestApp.app */ = {isa = PBXFileReference; explicitFileType = wrapper.application; includeInIndex = 0; path = CarolineTestApp.app; sourceTree = BUILT_PRODUCTS_DIR; };
		3DA08F551D8FA6090013724E /* AppDelegate.swift */ = {isa = PBXFileReference; lastKnownFileType = sourcecode.swift; path = AppDelegate.swift; sourceTree = "<group>"; };
		3DA08F571D8FA6090013724E /* ViewController.swift */ = {isa = PBXFileReference; lastKnownFileType = sourcecode.swift; path = ViewController.swift; sourceTree = "<group>"; };
		3DA08F5A1D8FA6090013724E /* Base */ = {isa = PBXFileReference; lastKnownFileType = file.storyboard; name = Base; path = Base.lproj/Main.storyboard; sourceTree = "<group>"; };
		3DA08F5C1D8FA6090013724E /* Assets.xcassets */ = {isa = PBXFileReference; lastKnownFileType = folder.assetcatalog; path = Assets.xcassets; sourceTree = "<group>"; };
		3DA08F5F1D8FA6090013724E /* Base */ = {isa = PBXFileReference; lastKnownFileType = file.storyboard; name = Base; path = Base.lproj/LaunchScreen.storyboard; sourceTree = "<group>"; };
		3DA08F611D8FA6090013724E /* Info.plist */ = {isa = PBXFileReference; lastKnownFileType = text.plist.xml; path = Info.plist; sourceTree = "<group>"; };
		3DA08F661D8FA6090013724E /* CarolineTestAppTests.xctest */ = {isa = PBXFileReference; explicitFileType = wrapper.cfbundle; includeInIndex = 0; path = CarolineTestAppTests.xctest; sourceTree = BUILT_PRODUCTS_DIR; };
		3DA08F6A1D8FA6090013724E /* CarolineTestAppTests.swift */ = {isa = PBXFileReference; lastKnownFileType = sourcecode.swift; path = CarolineTestAppTests.swift; sourceTree = "<group>"; };
		3DA08F6C1D8FA6090013724E /* Info.plist */ = {isa = PBXFileReference; lastKnownFileType = text.plist.xml; path = Info.plist; sourceTree = "<group>"; };
		3DA08F751D8FA9080013724E /* coding.jpg */ = {isa = PBXFileReference; lastKnownFileType = image.jpeg; path = coding.jpg; sourceTree = "<group>"; };
/* End PBXFileReference section */

/* Begin PBXFrameworksBuildPhase section */
		3DA08F4F1D8FA6090013724E /* Frameworks */ = {
			isa = PBXFrameworksBuildPhase;
			buildActionMask = 2147483647;
			files = (
			);
			runOnlyForDeploymentPostprocessing = 0;
		};
		3DA08F631D8FA6090013724E /* Frameworks */ = {
			isa = PBXFrameworksBuildPhase;
			buildActionMask = 2147483647;
			files = (
			);
			runOnlyForDeploymentPostprocessing = 0;
		};
/* End PBXFrameworksBuildPhase section */

/* Begin PBXGroup section */
		3DA08F491D8FA6090013724E = {
			isa = PBXGroup;
			children = (
				3DA08F541D8FA6090013724E /* CarolineTestApp */,
				3DA08F691D8FA6090013724E /* CarolineTestAppTests */,
				3DA08F531D8FA6090013724E /* Products */,
			);
			sourceTree = "<group>";
		};
		3DA08F531D8FA6090013724E /* Products */ = {
			isa = PBXGroup;
			children = (
				3DA08F521D8FA6090013724E /* CarolineTestApp.app */,
				3DA08F661D8FA6090013724E /* CarolineTestAppTests.xctest */,
			);
			name = Products;
			sourceTree = "<group>";
		};
		3DA08F541D8FA6090013724E /* CarolineTestApp */ = {
			isa = PBXGroup;
			children = (
				3DA08F551D8FA6090013724E /* AppDelegate.swift */,
				3DA08F571D8FA6090013724E /* ViewController.swift */,
				3DA08F751D8FA9080013724E /* coding.jpg */,
				3DA08F591D8FA6090013724E /* Main.storyboard */,
				3DA08F5C1D8FA6090013724E /* Assets.xcassets */,
				3DA08F5E1D8FA6090013724E /* LaunchScreen.storyboard */,
				3DA08F611D8FA6090013724E /* Info.plist */,
			);
			path = CarolineTestApp;
			sourceTree = "<group>";
		};
		3DA08F691D8FA6090013724E /* CarolineTestAppTests */ = {
			isa = PBXGroup;
			children = (
				3DA08F6A1D8FA6090013724E /* CarolineTestAppTests.swift */,
				3DA08F6C1D8FA6090013724E /* Info.plist */,
			);
			path = CarolineTestAppTests;
			sourceTree = "<group>";
		};
/* End PBXGroup section */

/* Begin PBXNativeTarget section */
		3DA08F511D8FA6090013724E /* CarolineTestApp */ = {
			isa = PBXNativeTarget;
			buildConfigurationList = 3DA08F6F1D8FA6090013724E /* Build configuration list for PBXNativeTarget "CarolineTestApp" */;
			buildPhases = (
				3DA08F4E1D8FA6090013724E /* Sources */,
				3DA08F4F1D8FA6090013724E /* Frameworks */,
				3DA08F501D8FA6090013724E /* Resources */,
			);
			buildRules = (
			);
			dependencies = (
			);
			name = CarolineTestApp;
			productName = CarolineTestApp;
			productReference = 3DA08F521D8FA6090013724E /* CarolineTestApp.app */;
			productType = "com.apple.product-type.application";
		};
		3DA08F651D8FA6090013724E /* CarolineTestAppTests */ = {
			isa = PBXNativeTarget;
			buildConfigurationList = 3DA08F721D8FA6090013724E /* Build configuration list for PBXNativeTarget "CarolineTestAppTests" */;
			buildPhases = (
				3DA08F621D8FA6090013724E /* Sources */,
				3DA08F631D8FA6090013724E /* Frameworks */,
				3DA08F641D8FA6090013724E /* Resources */,
			);
			buildRules = (
			);
			dependencies = (
				3DA08F681D8FA6090013724E /* PBXTargetDependency */,
			);
			name = CarolineTestAppTests;
			productName = CarolineTestAppTests;
			productReference = 3DA08F661D8FA6090013724E /* CarolineTestAppTests.xctest */;
			productType = "com.apple.product-type.bundle.unit-test";
		};
/* End PBXNativeTarget section */

/* Begin PBXProject section */
		3DA08F4A1D8FA6090013724E /* Project object */ = {
			isa = PBXProject;
			attributes = {
				LastSwiftUpdateCheck = 0800;
				LastUpgradeCheck = 0800;
				ORGANIZATIONNAME = "Caroline Steffen";
				TargetAttributes = {
					3DA08F511D8FA6090013724E = {
						CreatedOnToolsVersion = 8.0;
						DevelopmentTeam = VS66DWM4P9;
						ProvisioningStyle = Automatic;
					};
					3DA08F651D8FA6090013724E = {
						CreatedOnToolsVersion = 8.0;
						DevelopmentTeam = VS66DWM4P9;
						ProvisioningStyle = Automatic;
						TestTargetID = 3DA08F511D8FA6090013724E;
					};
				};
			};
			buildConfigurationList = 3DA08F4D1D8FA6090013724E /* Build configuration list for PBXProject "CarolineTestApp" */;
			compatibilityVersion = "Xcode 3.2";
			developmentRegion = English;
			hasScannedForEncodings = 0;
			knownRegions = (
				en,
				Base,
			);
			mainGroup = 3DA08F491D8FA6090013724E;
			productRefGroup = 3DA08F531D8FA6090013724E /* Products */;
			projectDirPath = "";
			projectRoot = "";
			targets = (
				3DA08F511D8FA6090013724E /* CarolineTestApp */,
				3DA08F651D8FA6090013724E /* CarolineTestAppTests */,
			);
		};
/* End PBXProject section */

/* Begin PBXResourcesBuildPhase section */
		3DA08F501D8FA6090013724E /* Resources */ = {
			isa = PBXResourcesBuildPhase;
			buildActionMask = 2147483647;
			files = (
				3DA08F601D8FA6090013724E /* LaunchScreen.storyboard in Resources */,
				3DA08F761D8FA9080013724E /* coding.jpg in Resources */,
				3DA08F5D1D8FA6090013724E /* Assets.xcassets in Resources */,
				3DA08F5B1D8FA6090013724E /* Main.storyboard in Resources */,
			);
			runOnlyForDeploymentPostprocessing = 0;
		};
		3DA08F641D8FA6090013724E /* Resources */ = {
			isa = PBXResourcesBuildPhase;
			buildActionMask = 2147483647;
			files = (
			);
			runOnlyForDeploymentPostprocessing = 0;
		};
/* End PBXResourcesBuildPhase section */

/* Begin PBXSourcesBuildPhase section */
		3DA08F4E1D8FA6090013724E /* Sources */ = {
			isa = PBXSourcesBuildPhase;
			buildActionMask = 2147483647;
			files = (
				3DA08F581D8FA6090013724E /* ViewController.swift in Sources */,
				3DA08F561D8FA6090013724E /* AppDelegate.swift in Sources */,
			);
			runOnlyForDeploymentPostprocessing = 0;
		};
		3DA08F621D8FA6090013724E /* Sources */ = {
			isa = PBXSourcesBuildPhase;
			buildActionMask = 2147483647;
			files = (
				3DA08F6B1D8FA6090013724E /* CarolineTestAppTests.swift in Sources */,
			);
			runOnlyForDeploymentPostprocessing = 0;
		};
/* End PBXSourcesBuildPhase section */

/* Begin PBXTargetDependency section */
		3DA08F681D8FA6090013724E /* PBXTargetDependency */ = {
			isa = PBXTargetDependency;
			target = 3DA08F511D8FA6090013724E /* CarolineTestApp */;
			targetProxy = 3DA08F671D8FA6090013724E /* PBXContainerItemProxy */;
		};
/* End PBXTargetDependency section */

/* Begin PBXVariantGroup section */
		3DA08F591D8FA6090013724E /* Main.storyboard */ = {
			isa = PBXVariantGroup;
			children = (
				3DA08F5A1D8FA6090013724E /* Base */,
			);
			name = Main.storyboard;
			sourceTree = "<group>";
		};
		3DA08F5E1D8FA6090013724E /* LaunchScreen.storyboard */ = {
			isa = PBXVariantGroup;
			children = (
				3DA08F5F1D8FA6090013724E /* Base */,
			);
			name = LaunchScreen.storyboard;
			sourceTree = "<group>";
		};
/* End PBXVariantGroup section */

/* Begin XCBuildConfiguration section */
		3DA08F6D1D8FA6090013724E /* Debug */ = {
			isa = XCBuildConfiguration;
			buildSettings = {
				ALWAYS_SEARCH_USER_PATHS = NO;
				CLANG_ANALYZER_NONNULL = YES;
				CLANG_CXX_LANGUAGE_STANDARD = "gnu++0x";
				CLANG_CXX_LIBRARY = "libc++";
				CLANG_ENABLE_MODULES = YES;
				CLANG_ENABLE_OBJC_ARC = YES;
				CLANG_WARN_BOOL_CONVERSION = YES;
				CLANG_WARN_CONSTANT_CONVERSION = YES;
				CLANG_WARN_DIRECT_OBJC_ISA_USAGE = YES_ERROR;
				CLANG_WARN_DOCUMENTATION_COMMENTS = YES;
				CLANG_WARN_EMPTY_BODY = YES;
				CLANG_WARN_ENUM_CONVERSION = YES;
				CLANG_WARN_INFINITE_RECURSION = YES;
				CLANG_WARN_INT_CONVERSION = YES;
				CLANG_WARN_OBJC_ROOT_CLASS = YES_ERROR;
				CLANG_WARN_SUSPICIOUS_MOVES = YES;
				CLANG_WARN_UNREACHABLE_CODE = YES;
				CLANG_WARN__DUPLICATE_METHOD_MATCH = YES;
				"CODE_SIGN_IDENTITY[sdk=iphoneos*]" = "iPhone Developer";
				COPY_PHASE_STRIP = NO;
				DEBUG_INFORMATION_FORMAT = dwarf;
				ENABLE_STRICT_OBJC_MSGSEND = YES;
				ENABLE_TESTABILITY = YES;
				GCC_C_LANGUAGE_STANDARD = gnu99;
				GCC_DYNAMIC_NO_PIC = NO;
				GCC_NO_COMMON_BLOCKS = YES;
				GCC_OPTIMIZATION_LEVEL = 0;
				GCC_PREPROCESSOR_DEFINITIONS = (
					"DEBUG=1",
					"$(inherited)",
				);
				GCC_WARN_64_TO_32_BIT_CONVERSION = YES;
				GCC_WARN_ABOUT_RETURN_TYPE = YES_ERROR;
				GCC_WARN_UNDECLARED_SELECTOR = YES;
				GCC_WARN_UNINITIALIZED_AUTOS = YES_AGGRESSIVE;
				GCC_WARN_UNUSED_FUNCTION = YES;
				GCC_WARN_UNUSED_VARIABLE = YES;
				IPHONEOS_DEPLOYMENT_TARGET = 10.0;
				MTL_ENABLE_DEBUG_INFO = YES;
				ONLY_ACTIVE_ARCH = YES;
				SDKROOT = iphoneos;
				SWIFT_ACTIVE_COMPILATION_CONDITIONS = DEBUG;
				SWIFT_OPTIMIZATION_LEVEL = "-Onone";
			};
			name = Debug;
		};
		3DA08F6E1D8FA6090013724E /* Release */ = {
			isa = XCBuildConfiguration;
			buildSettings = {
				ALWAYS_SEARCH_USER_PATHS = NO;
				CLANG_ANALYZER_NONNULL = YES;
				CLANG_CXX_LANGUAGE_STANDARD = "gnu++0x";
				CLANG_CXX_LIBRARY = "libc++";
				CLANG_ENABLE_MODULES = YES;
				CLANG_ENABLE_OBJC_ARC = YES;
				CLANG_WARN_BOOL_CONVERSION = YES;
				CLANG_WARN_CONSTANT_CONVERSION = YES;
				CLANG_WARN_DIRECT_OBJC_ISA_USAGE = YES_ERROR;
				CLANG_WARN_DOCUMENTATION_COMMENTS = YES;
				CLANG_WARN_EMPTY_BODY = YES;
				CLANG_WARN_ENUM_CONVERSION = YES;
				CLANG_WARN_INFINITE_RECURSION = YES;
				CLANG_WARN_INT_CONVERSION = YES;
				CLANG_WARN_OBJC_ROOT_CLASS = YES_ERROR;
				CLANG_WARN_SUSPICIOUS_MOVES = YES;
				CLANG_WARN_UNREACHABLE_CODE = YES;
				CLANG_WARN__DUPLICATE_METHOD_MATCH = YES;
				"CODE_SIGN_IDENTITY[sdk=iphoneos*]" = "iPhone Developer";
				COPY_PHASE_STRIP = NO;
				DEBUG_INFORMATION_FORMAT = "dwarf-with-dsym";
				ENABLE_NS_ASSERTIONS = NO;
				ENABLE_STRICT_OBJC_MSGSEND = YES;
				GCC_C_LANGUAGE_STANDARD = gnu99;
				GCC_NO_COMMON_BLOCKS = YES;
				GCC_WARN_64_TO_32_BIT_CONVERSION = YES;
				GCC_WARN_ABOUT_RETURN_TYPE = YES_ERROR;
				GCC_WARN_UNDECLARED_SELECTOR = YES;
				GCC_WARN_UNINITIALIZED_AUTOS = YES_AGGRESSIVE;
				GCC_WARN_UNUSED_FUNCTION = YES;
				GCC_WARN_UNUSED_VARIABLE = YES;
				IPHONEOS_DEPLOYMENT_TARGET = 10.0;
				MTL_ENABLE_DEBUG_INFO = NO;
				SDKROOT = iphoneos;
				SWIFT_OPTIMIZATION_LEVEL = "-Owholemodule";
				VALIDATE_PRODUCT = YES;
			};
			name = Release;
		};
		3DA08F701D8FA6090013724E /* Debug */ = {
			isa = XCBuildConfiguration;
			buildSettings = {
				ASSETCATALOG_COMPILER_APPICON_NAME = AppIcon;
				DEVELOPMENT_TEAM = VS66DWM4P9;
				INFOPLIST_FILE = CarolineTestApp/Info.plist;
				LD_RUNPATH_SEARCH_PATHS = "$(inherited) @executable_path/Frameworks";
				PRODUCT_BUNDLE_IDENTIFIER = RtR.CarolineTestApp;
				PRODUCT_NAME = "$(TARGET_NAME)";
				SWIFT_VERSION = 3.0;
			};
			name = Debug;
		};
		3DA08F711D8FA6090013724E /* Release */ = {
			isa = XCBuildConfiguration;
			buildSettings = {
				ASSETCATALOG_COMPILER_APPICON_NAME = AppIcon;
				DEVELOPMENT_TEAM = VS66DWM4P9;
				INFOPLIST_FILE = CarolineTestApp/Info.plist;
				LD_RUNPATH_SEARCH_PATHS = "$(inherited) @executable_path/Frameworks";
				PRODUCT_BUNDLE_IDENTIFIER = RtR.CarolineTestApp;
				PRODUCT_NAME = "$(TARGET_NAME)";
				SWIFT_VERSION = 3.0;
			};
			name = Release;
		};
		3DA08F731D8FA6090013724E /* Debug */ = {
			isa = XCBuildConfiguration;
			buildSettings = {
				ALWAYS_EMBED_SWIFT_STANDARD_LIBRARIES = YES;
				BUNDLE_LOADER = "$(TEST_HOST)";
				DEVELOPMENT_TEAM = VS66DWM4P9;
				INFOPLIST_FILE = CarolineTestAppTests/Info.plist;
				LD_RUNPATH_SEARCH_PATHS = "$(inherited) @executable_path/Frameworks @loader_path/Frameworks";
				PRODUCT_BUNDLE_IDENTIFIER = RtR.CarolineTestAppTests;
				PRODUCT_NAME = "$(TARGET_NAME)";
				SWIFT_VERSION = 3.0;
				TEST_HOST = "$(BUILT_PRODUCTS_DIR)/CarolineTestApp.app/CarolineTestApp";
			};
			name = Debug;
		};
		3DA08F741D8FA6090013724E /* Release */ = {
			isa = XCBuildConfiguration;
			buildSettings = {
				ALWAYS_EMBED_SWIFT_STANDARD_LIBRARIES = YES;
				BUNDLE_LOADER = "$(TEST_HOST)";
				DEVELOPMENT_TEAM = VS66DWM4P9;
				INFOPLIST_FILE = CarolineTestAppTests/Info.plist;
				LD_RUNPATH_SEARCH_PATHS = "$(inherited) @executable_path/Frameworks @loader_path/Frameworks";
				PRODUCT_BUNDLE_IDENTIFIER = RtR.CarolineTestAppTests;
				PRODUCT_NAME = "$(TARGET_NAME)";
				SWIFT_VERSION = 3.0;
				TEST_HOST = "$(BUILT_PRODUCTS_DIR)/CarolineTestApp.app/CarolineTestApp";
			};
			name = Release;
		};
/* End XCBuildConfiguration section */

/* Begin XCConfigurationList section */
		3DA08F4D1D8FA6090013724E /* Build configuration list for PBXProject "CarolineTestApp" */ = {
			isa = XCConfigurationList;
			buildConfigurations = (
				3DA08F6D1D8FA6090013724E /* Debug */,
				3DA08F6E1D8FA6090013724E /* Release */,
			);
			defaultConfigurationIsVisible = 0;
			defaultConfigurationName = Release;
		};
		3DA08F6F1D8FA6090013724E /* Build configuration list for PBXNativeTarget "CarolineTestApp" */ = {
			isa = XCConfigurationList;
			buildConfigurations = (
				3DA08F701D8FA6090013724E /* Debug */,
				3DA08F711D8FA6090013724E /* Release */,
			);
			defaultConfigurationIsVisible = 0;
		};
		3DA08F721D8FA6090013724E /* Build configuration list for PBXNativeTarget "CarolineTestAppTests" */ = {
			isa = XCConfigurationList;
			buildConfigurations = (
				3DA08F731D8FA6090013724E /* Debug */,
				3DA08F741D8FA6090013724E /* Release */,
			);
			defaultConfigurationIsVisible = 0;
		};
/* End XCConfigurationList section */
	};
	rootObject = 3DA08F4A1D8FA6090013724E /* Project object */;
}
